
Microsoft Visual Studio Solution File, Format Version 12.00
# Visual Studio 15
VisualStudioVersion = 15.0.28010.2050
MinimumVisualStudioVersion = 10.0.40219.1
Project("{9A19103F-16F7-4668-BE54-9A1E7A4F7556}") = "NB", "NB\NB.csproj", "{B5F790C0-A9E3-47BA-A9EB-A848BDE8ECA2}"
EndProject
Project("{9A19103F-16F7-4668-BE54-9A1E7A4F7556}") = "NB.DomainClasses", "NB.DomainClasses\NB.DomainClasses.csproj", "{DB0C0B7D-DB4E-4316-A878-E979E7AE8C1D}"
EndProject
Project("{9A19103F-16F7-4668-BE54-9A1E7A4F7556}") = "NB.DataLayer", "NB.DataLayer\NB.DataLayer.csproj", "{2FE378ED-F8E3-43EB-944A-DCC5BE0FD5FA}"
EndProject
Project("{9A19103F-16F7-4668-BE54-9A1E7A4F7556}") = "NB.ServiceLayer", "NB.ServiceLayer\NB.ServiceLayer.csproj", "{DF140797-15D0-461F-AA83-26FCA3688FD8}"
EndProject
Project("{9A19103F-16F7-4668-BE54-9A1E7A4F7556}") = "NB.ViewModel", "NB.ViewModel\NB.ViewModel.csproj", "{EC56AEDE-F4BD-48F0-80F8-29CC42BEBFE8}"
EndProject
Project("{9A19103F-16F7-4668-BE54-9A1E7A4F7556}") = "NB.Config", "NB.Config\NB.Config.csproj", "{9B31C65A-ED62-4774-A04E-03D208129120}"
EndProject
Project("{FAE04EC0-301F-11D3-BF4B-00C04F79EFBC}") = "Common", "Common\Common.csproj", "{E65DBCAB-AA22-4D19-A9BE-427B72CBCFC5}"
EndProject
Global
	GlobalSection(SolutionConfigurationPlatforms) = preSolution
		Debug|Any CPU = Debug|Any CPU
		Release|Any CPU = Release|Any CPU
	EndGlobalSection
	GlobalSection(ProjectConfigurationPlatforms) = postSolution
		{B5F790C0-A9E3-47BA-A9EB-A848BDE8ECA2}.Debug|Any CPU.ActiveCfg = Debug|Any CPU
		{B5F790C0-A9E3-47BA-A9EB-A848BDE8ECA2}.Debug|Any CPU.Build.0 = Debug|Any CPU
		{B5F790C0-A9E3-47BA-A9EB-A848BDE8ECA2}.Release|Any CPU.ActiveCfg = Release|Any CPU
		{B5F790C0-A9E3-47BA-A9EB-A848BDE8ECA2}.Release|Any CPU.Build.0 = Release|Any CPU
		{DB0C0B7D-DB4E-4316-A878-E979E7AE8C1D}.Debug|Any CPU.ActiveCfg = Debug|Any CPU
		{DB0C0B7D-DB4E-4316-A878-E979E7AE8C1D}.Debug|Any CPU.Build.0 = Debug|Any CPU
		{DB0C0B7D-DB4E-4316-A878-E979E7AE8C1D}.Release|Any CPU.ActiveCfg = Release|Any CPU
		{DB0C0B7D-DB4E-4316-A878-E979E7AE8C1D}.Release|Any CPU.Build.0 = Release|Any CPU
		{2FE378ED-F8E3-43EB-944A-DCC5BE0FD5FA}.Debug|Any CPU.ActiveCfg = Debug|Any CPU
		{2FE378ED-F8E3-43EB-944A-DCC5BE0FD5FA}.Debug|Any CPU.Build.0 = Debug|Any CPU
		{2FE378ED-F8E3-43EB-944A-DCC5BE0FD5FA}.Release|Any CPU.ActiveCfg = Release|Any CPU
		{2FE378ED-F8E3-43EB-944A-DCC5BE0FD5FA}.Release|Any CPU.Build.0 = Release|Any CPU
		{DF140797-15D0-461F-AA83-26FCA3688FD8}.Debug|Any CPU.ActiveCfg = Debug|Any CPU
		{DF140797-15D0-461F-AA83-26FCA3688FD8}.Debug|Any CPU.Build.0 = Debug|Any CPU
		{DF140797-15D0-461F-AA83-26FCA3688FD8}.Release|Any CPU.ActiveCfg = Release|Any CPU
		{DF140797-15D0-461F-AA83-26FCA3688FD8}.Release|Any CPU.Build.0 = Release|Any CPU
		{EC56AEDE-F4BD-48F0-80F8-29CC42BEBFE8}.Debug|Any CPU.ActiveCfg = Debug|Any CPU
		{EC56AEDE-F4BD-48F0-80F8-29CC42BEBFE8}.Debug|Any CPU.Build.0 = Debug|Any CPU
		{EC56AEDE-F4BD-48F0-80F8-29CC42BEBFE8}.Release|Any CPU.ActiveCfg = Release|Any CPU
		{EC56AEDE-F4BD-48F0-80F8-29CC42BEBFE8}.Release|Any CPU.Build.0 = Release|Any CPU
		{9B31C65A-ED62-4774-A04E-03D208129120}.Debug|Any CPU.ActiveCfg = Debug|Any CPU
		{9B31C65A-ED62-4774-A04E-03D208129120}.Debug|Any CPU.Build.0 = Debug|Any CPU
		{9B31C65A-ED62-4774-A04E-03D208129120}.Release|Any CPU.ActiveCfg = Release|Any CPU
		{9B31C65A-ED62-4774-A04E-03D208129120}.Release|Any CPU.Build.0 = Release|Any CPU
		{E65DBCAB-AA22-4D19-A9BE-427B72CBCFC5}.Debug|Any CPU.ActiveCfg = Debug|Any CPU
		{E65DBCAB-AA22-4D19-A9BE-427B72CBCFC5}.Debug|Any CPU.Build.0 = Debug|Any CPU
		{E65DBCAB-AA22-4D19-A9BE-427B72CBCFC5}.Release|Any CPU.ActiveCfg = Release|Any CPU
		{E65DBCAB-AA22-4D19-A9BE-427B72CBCFC5}.Release|Any CPU.Build.0 = Release|Any CPU
	EndGlobalSection
	GlobalSection(SolutionProperties) = preSolution
		HideSolutionNode = FALSE
	EndGlobalSection
	GlobalSection(ExtensibilityGlobals) = postSolution
		SolutionGuid = {EB707AC4-2819-48C8-8BCE-15FA5D0F4E94}
	EndGlobalSection
EndGlobal
